
Microsoft Visual Studio Solution File, Format Version 12.00
# Visual Studio 15
VisualStudioVersion = 15.0.26124.0
MinimumVisualStudioVersion = 15.0.26124.0
Project("{2150E333-8FDC-42A3-9474-1A3956D46DE8}") = "test", "test", "{D482FB8B-D498-4541-87EA-11CED81A0628}"
EndProject
Project("{FAE04EC0-301F-11D3-BF4B-00C04F79EFBC}") = "Simple.DrivingSchool.BusinessLogic.Tests", "test\Simple.DrivingSchool.BusinessLogic.Tests\Simple.DrivingSchool.BusinessLogic.Tests.csproj", "{9BD403BC-3A2B-4E5D-BAB1-80651EAF67D7}"
EndProject
Project("{2150E333-8FDC-42A3-9474-1A3956D46DE8}") = "src", "src", "{651CA36E-78AC-4204-8B4C-2AC92EEF9D2A}"
EndProject
Project("{FAE04EC0-301F-11D3-BF4B-00C04F79EFBC}") = "Simple.DrivingSchool", "src\Simple.DrivingSchool\Simple.DrivingSchool.csproj", "{58B2B748-A18A-41DE-9E73-2F947EBB8564}"
EndProject
Project("{FAE04EC0-301F-11D3-BF4B-00C04F79EFBC}") = "Simple.DrivingSchool.BusinessLogic", "src\Simple.DrivingSchool.BusinessLogic\Simple.DrivingSchool.BusinessLogic.csproj", "{46FA7CC5-C1BD-443D-8E13-DF8D78183A81}"
EndProject
Global
	GlobalSection(SolutionConfigurationPlatforms) = preSolution
		Debug|Any CPU = Debug|Any CPU
		Debug|x64 = Debug|x64
		Debug|x86 = Debug|x86
		Release|Any CPU = Release|Any CPU
		Release|x64 = Release|x64
		Release|x86 = Release|x86
	EndGlobalSection
	GlobalSection(SolutionProperties) = preSolution
		HideSolutionNode = FALSE
	EndGlobalSection
	GlobalSection(ProjectConfigurationPlatforms) = postSolution
		{9BD403BC-3A2B-4E5D-BAB1-80651EAF67D7}.Debug|Any CPU.ActiveCfg = Debug|Any CPU
		{9BD403BC-3A2B-4E5D-BAB1-80651EAF67D7}.Debug|Any CPU.Build.0 = Debug|Any CPU
		{9BD403BC-3A2B-4E5D-BAB1-80651EAF67D7}.Debug|x64.ActiveCfg = Debug|Any CPU
		{9BD403BC-3A2B-4E5D-BAB1-80651EAF67D7}.Debug|x64.Build.0 = Debug|Any CPU
		{9BD403BC-3A2B-4E5D-BAB1-80651EAF67D7}.Debug|x86.ActiveCfg = Debug|Any CPU
		{9BD403BC-3A2B-4E5D-BAB1-80651EAF67D7}.Debug|x86.Build.0 = Debug|Any CPU
		{9BD403BC-3A2B-4E5D-BAB1-80651EAF67D7}.Release|Any CPU.ActiveCfg = Release|Any CPU
		{9BD403BC-3A2B-4E5D-BAB1-80651EAF67D7}.Release|Any CPU.Build.0 = Release|Any CPU
		{9BD403BC-3A2B-4E5D-BAB1-80651EAF67D7}.Release|x64.ActiveCfg = Release|Any CPU
		{9BD403BC-3A2B-4E5D-BAB1-80651EAF67D7}.Release|x64.Build.0 = Release|Any CPU
		{9BD403BC-3A2B-4E5D-BAB1-80651EAF67D7}.Release|x86.ActiveCfg = Release|Any CPU
		{9BD403BC-3A2B-4E5D-BAB1-80651EAF67D7}.Release|x86.Build.0 = Release|Any CPU
		{58B2B748-A18A-41DE-9E73-2F947EBB8564}.Debug|Any CPU.ActiveCfg = Debug|Any CPU
		{58B2B748-A18A-41DE-9E73-2F947EBB8564}.Debug|Any CPU.Build.0 = Debug|Any CPU
		{58B2B748-A18A-41DE-9E73-2F947EBB8564}.Debug|x64.ActiveCfg = Debug|Any CPU
		{58B2B748-A18A-41DE-9E73-2F947EBB8564}.Debug|x64.Build.0 = Debug|Any CPU
		{58B2B748-A18A-41DE-9E73-2F947EBB8564}.Debug|x86.ActiveCfg = Debug|Any CPU
		{58B2B748-A18A-41DE-9E73-2F947EBB8564}.Debug|x86.Build.0 = Debug|Any CPU
		{58B2B748-A18A-41DE-9E73-2F947EBB8564}.Release|Any CPU.ActiveCfg = Release|Any CPU
		{58B2B748-A18A-41DE-9E73-2F947EBB8564}.Release|Any CPU.Build.0 = Release|Any CPU
		{58B2B748-A18A-41DE-9E73-2F947EBB8564}.Release|x64.ActiveCfg = Release|Any CPU
		{58B2B748-A18A-41DE-9E73-2F947EBB8564}.Release|x64.Build.0 = Release|Any CPU
		{58B2B748-A18A-41DE-9E73-2F947EBB8564}.Release|x86.ActiveCfg = Release|Any CPU
		{58B2B748-A18A-41DE-9E73-2F947EBB8564}.Release|x86.Build.0 = Release|Any CPU
		{46FA7CC5-C1BD-443D-8E13-DF8D78183A81}.Debug|Any CPU.ActiveCfg = Debug|Any CPU
		{46FA7CC5-C1BD-443D-8E13-DF8D78183A81}.Debug|Any CPU.Build.0 = Debug|Any CPU
		{46FA7CC5-C1BD-443D-8E13-DF8D78183A81}.Debug|x64.ActiveCfg = Debug|Any CPU
		{46FA7CC5-C1BD-443D-8E13-DF8D78183A81}.Debug|x64.Build.0 = Debug|Any CPU
		{46FA7CC5-C1BD-443D-8E13-DF8D78183A81}.Debug|x86.ActiveCfg = Debug|Any CPU
		{46FA7CC5-C1BD-443D-8E13-DF8D78183A81}.Debug|x86.Build.0 = Debug|Any CPU
		{46FA7CC5-C1BD-443D-8E13-DF8D78183A81}.Release|Any CPU.ActiveCfg = Release|Any CPU
		{46FA7CC5-C1BD-443D-8E13-DF8D78183A81}.Release|Any CPU.Build.0 = Release|Any CPU
		{46FA7CC5-C1BD-443D-8E13-DF8D78183A81}.Release|x64.ActiveCfg = Release|Any CPU
		{46FA7CC5-C1BD-443D-8E13-DF8D78183A81}.Release|x64.Build.0 = Release|Any CPU
		{46FA7CC5-C1BD-443D-8E13-DF8D78183A81}.Release|x86.ActiveCfg = Release|Any CPU
		{46FA7CC5-C1BD-443D-8E13-DF8D78183A81}.Release|x86.Build.0 = Release|Any CPU
	EndGlobalSection
	GlobalSection(NestedProjects) = preSolution
		{9BD403BC-3A2B-4E5D-BAB1-80651EAF67D7} = {D482FB8B-D498-4541-87EA-11CED81A0628}
		{58B2B748-A18A-41DE-9E73-2F947EBB8564} = {651CA36E-78AC-4204-8B4C-2AC92EEF9D2A}
		{46FA7CC5-C1BD-443D-8E13-DF8D78183A81} = {651CA36E-78AC-4204-8B4C-2AC92EEF9D2A}
	EndGlobalSection
EndGlobal
